[[package]]
name = "crytic-compile"
version = "0.2.3"
description = "Util to facilitate smart contracts compilation."
category = "dev"
optional = false
python-versions = ">=3.6"

[package.dependencies]
pysha3 = ">=1.0.2"

[[package]]
name = "prettytable"
version = "3.4.1"
description = "A simple Python library for easily displaying tabular data in a visually appealing ASCII table format"
category = "dev"
optional = false
python-versions = ">=3.7"

[package.dependencies]
wcwidth = "*"

[package.extras]
tests = ["pytest", "pytest-cov", "pytest-lazy-fixture"]

[[package]]
name = "pysha3"
version = "1.0.2"
description = "SHA-3 (Keccak) for Python 2.7 - 3.5"
category = "dev"
optional = false
python-versions = "*"

[[package]]
name = "slither-analyzer"
version = "0.8.3"
description = "Slither is a Solidity static analysis framework written in Python 3."
category = "dev"
optional = false
python-versions = ">=3.6"

[package.dependencies]
crytic-compile = ">=0.2.3"
prettytable = ">=0.7.2"
pysha3 = ">=1.0.2"

[[package]]
name = "wcwidth"
version = "0.2.5"
description = "Measures the displayed width of unicode strings in a terminal"
category = "dev"
optional = false
python-versions = "*"

[metadata]
lock-version = "1.1"
python-versions = "^3.9"
content-hash = "8a0609a4e478924b46ae096f8b8a92c5031ba5d0d73b66319be751f7ff7f716e"

[metadata.files]
crytic-compile = [
    {file = "crytic_compile-0.2.3-py3-none-any.whl", hash = "sha256:9e22b1d6398d20fefbe64209744bd9b2877ae82c0204f682f499df4f78e6842d"},
]
prettytable = [
    {file = "prettytable-3.4.1-py3-none-any.whl", hash = "sha256:0d23ff81e165077d93367e1379d97893c7a51541483d25bad45b9647660ef06f"},
    {file = "prettytable-3.4.1.tar.gz", hash = "sha256:7d7dd84d0b206f2daac4471a72f299d6907f34516064feb2838e333a4e2567bd"},
]
pysha3 = [
    {file = "pysha3-1.0.2-cp27-cp27m-manylinux1_i686.whl", hash = "sha256:6e6a84efb7856f5d760ee55cd2b446972cb7b835676065f6c4f694913ea8f8d9"},
    {file = "pysha3-1.0.2-cp27-cp27m-manylinux1_x86_64.whl", hash = "sha256:f9046d59b3e72aa84f6dae83a040bd1184ebd7fef4e822d38186a8158c89e3cf"},
    {file = "pysha3-1.0.2-cp27-cp27m-win32.whl", hash = "sha256:9fdd28884c5d0b4edfed269b12badfa07f1c89dbc5c9c66dd279833894a9896b"},
    {file = "pysha3-1.0.2-cp27-cp27m-win_amd64.whl", hash = "sha256:41be70b06c8775a9e4d4eeb52f2f6a3f356f17539a54eac61f43a29e42fd453d"},
    {file = "pysha3-1.0.2-cp27-cp27mu-manylinux1_i686.whl", hash = "sha256:68c3a60a39f9179b263d29e221c1bd6e01353178b14323c39cc70593c30f21c5"},
    {file = "pysha3-1.0.2-cp27-cp27mu-manylinux1_x86_64.whl", hash = "sha256:59111c08b8f34495575d12e5f2ce3bafb98bea470bc81e70c8b6df99aef0dd2f"},
    {file = "pysha3-1.0.2-cp33-cp33m-win32.whl", hash = "sha256:571a246308a7b63f15f5aa9651f99cf30f2a6acba18eddf28f1510935968b603"},
    {file = "pysha3-1.0.2-cp33-cp33m-win_amd64.whl", hash = "sha256:93abd775dac570cb9951c4e423bcb2bc6303a9d1dc0dc2b7afa2dd401d195b24"},
    {file = "pysha3-1.0.2-cp34-cp34m-manylinux1_i686.whl", hash = "sha256:11a2ba7a2e1d9669d0052fc8fb30f5661caed5512586ecbeeaf6bf9478ab5c48"},
    {file = "pysha3-1.0.2-cp34-cp34m-manylinux1_x86_64.whl", hash = "sha256:5ec8da7c5c70a53b5fa99094af3ba8d343955b212bc346a0d25f6ff75853999f"},
    {file = "pysha3-1.0.2-cp34-cp34m-win32.whl", hash = "sha256:9c778fa8b161dc9348dc5cc361e94d54aa5ff18413788f4641f6600d4893a608"},
    {file = "pysha3-1.0.2-cp34-cp34m-win_amd64.whl", hash = "sha256:fd7e66999060d079e9c0e8893e78d8017dad4f59721f6fe0be6307cd32127a07"},
    {file = "pysha3-1.0.2-cp35-cp35m-manylinux1_i686.whl", hash = "sha256:827b308dc025efe9b6b7bae36c2e09ed0118a81f792d888548188e97b9bf9a3d"},
    {file = "pysha3-1.0.2-cp35-cp35m-manylinux1_x86_64.whl", hash = "sha256:4416f16b0f1605c25f627966f76873e432971824778b369bd9ce1bb63d6566d9"},
    {file = "pysha3-1.0.2-cp35-cp35m-win32.whl", hash = "sha256:c93a2676e6588abcfaecb73eb14485c81c63b94fca2000a811a7b4fb5937b8e8"},
    {file = "pysha3-1.0.2-cp35-cp35m-win_amd64.whl", hash = "sha256:684cb01d87ed6ff466c135f1c83e7e4042d0fc668fa20619f581e6add1d38d77"},
    {file = "pysha3-1.0.2-cp36-cp36m-manylinux1_i686.whl", hash = "sha256:386998ee83e313b6911327174e088021f9f2061cbfa1651b97629b761e9ef5c4"},
    {file = "pysha3-1.0.2-cp36-cp36m-manylinux1_x86_64.whl", hash = "sha256:c7c2adcc43836223680ebdf91f1d3373543dc32747c182c8ca2e02d1b69ce030"},
    {file = "pysha3-1.0.2-cp36-cp36m-win32.whl", hash = "sha256:cd5c961b603bd2e6c2b5ef9976f3238a561c58569945d4165efb9b9383b050ef"},
    {file = "pysha3-1.0.2-cp36-cp36m-win_amd64.whl", hash = "sha256:0060a66be16665d90c432f55a0ba1f6480590cfb7d2ad389e688a399183474f0"},
    {file = "pysha3-1.0.2.tar.gz", hash = "sha256:fe988e73f2ce6d947220624f04d467faf05f1bbdbc64b0a201296bb3af92739e"},
]
slither-analyzer = [
    {file = "slither_analyzer-0.8.3-py3-none-any.whl", hash = "sha256:6216a934e45a85d2d1a8831b14e5f36a98d56dec7ee4eaf9e59194133d346697"},
]
wcwidth = [
    {file = "wcwidth-0.2.5-py2.py3-none-any.whl", hash = "sha256:beb4802a9cebb9144e99086eff703a642a13d6a0052920003a230f3294bbe784"},
    {file = "wcwidth-0.2.5.tar.gz", hash = "sha256:c4d647b99872929fdb7bdcaa4fbe7f01413ed3d98077df798530e5b04f116c83"},
]
